
Microsoft Visual Studio Solution File, Format Version 12.00
# Visual Studio Version 16
VisualStudioVersion = 16.0.29509.3
MinimumVisualStudioVersion = 10.0.40219.1
Project("{FAE04EC0-301F-11D3-BF4B-00C04F79EFBC}") = "Ruthenium2019", "Ruthenium2019\Ruthenium2019.csproj", "{72C40A54-DF70-4408-B6C3-916DD342B39D}"
EndProject
Global
	GlobalSection(SolutionConfigurationPlatforms) = preSolution
		Debug|Any CPU = Debug|Any CPU
		Release|Any CPU = Release|Any CPU
	EndGlobalSection
	GlobalSection(ProjectConfigurationPlatforms) = postSolution
		{72C40A54-DF70-4408-B6C3-916DD342B39D}.Debug|Any CPU.ActiveCfg = Debug|Any CPU
		{72C40A54-DF70-4408-B6C3-916DD342B39D}.Debug|Any CPU.Build.0 = Debug|Any CPU
		{72C40A54-DF70-4408-B6C3-916DD342B39D}.Release|Any CPU.ActiveCfg = Release|Any CPU
		{72C40A54-DF70-4408-B6C3-916DD342B39D}.Release|Any CPU.Build.0 = Release|Any CPU
	EndGlobalSection
	GlobalSection(SolutionProperties) = preSolution
		HideSolutionNode = FALSE
	EndGlobalSection
	GlobalSection(ExtensibilityGlobals) = postSolution
		SolutionGuid = {D04072D3-92BC-4B10-839C-30A6D781032F}
	EndGlobalSection
EndGlobal
